# THIS IS AN AUTOGENERATED FILE. DO NOT EDIT THIS FILE DIRECTLY.
# yarn lockfile v1


react-native-reanimated@^1.0.0-alpha.7:
  version "1.0.0-alpha.10"
  resolved "https://registry.yarnpkg.com/react-native-reanimated/-/react-native-reanimated-1.0.0-alpha.10.tgz#e9e6fb35a2cf52fdc912b9fbc76f34f80698e530"

react-native-spline-interpolate@^0.0.2:
  version "0.0.2"
  resolved "https://registry.yarnpkg.com/react-native-spline-interpolate/-/react-native-spline-interpolate-0.0.2.tgz#20ae1455536367e69d2b71d291767b5529904d95"
